
Microsoft Visual Studio Solution File, Format Version 12.00
# Visual Studio Version 16
VisualStudioVersion = 16.0.30104.148
MinimumVisualStudioVersion = 10.0.40219.1
Project("{FAE04EC0-301F-11D3-BF4B-00C04F79EFBC}") = "SkyQTestFrontend", "SkyQTestFrontend\SkyQTestFrontend.csproj", "{0937D314-29FF-4270-853F-48AC6C8518E1}"
EndProject
Project("{FAE04EC0-301F-11D3-BF4B-00C04F79EFBC}") = "SkyQLib", "SkyQLib\SkyQLib.csproj", "{53E04853-B173-48F6-A2FF-C741AF8BF612}"
EndProject
Global
	GlobalSection(SolutionConfigurationPlatforms) = preSolution
		Debug|Any CPU = Debug|Any CPU
		Release|Any CPU = Release|Any CPU
	EndGlobalSection
	GlobalSection(ProjectConfigurationPlatforms) = postSolution
		{0937D314-29FF-4270-853F-48AC6C8518E1}.Debug|Any CPU.ActiveCfg = Debug|Any CPU
		{0937D314-29FF-4270-853F-48AC6C8518E1}.Debug|Any CPU.Build.0 = Debug|Any CPU
		{0937D314-29FF-4270-853F-48AC6C8518E1}.Release|Any CPU.ActiveCfg = Release|Any CPU
		{0937D314-29FF-4270-853F-48AC6C8518E1}.Release|Any CPU.Build.0 = Release|Any CPU
		{53E04853-B173-48F6-A2FF-C741AF8BF612}.Debug|Any CPU.ActiveCfg = Debug|Any CPU
		{53E04853-B173-48F6-A2FF-C741AF8BF612}.Debug|Any CPU.Build.0 = Debug|Any CPU
		{53E04853-B173-48F6-A2FF-C741AF8BF612}.Release|Any CPU.ActiveCfg = Release|Any CPU
		{53E04853-B173-48F6-A2FF-C741AF8BF612}.Release|Any CPU.Build.0 = Release|Any CPU
	EndGlobalSection
	GlobalSection(SolutionProperties) = preSolution
		HideSolutionNode = FALSE
	EndGlobalSection
	GlobalSection(ExtensibilityGlobals) = postSolution
		SolutionGuid = {FC822473-DA52-44FD-AC6E-FD3205D8EF07}
	EndGlobalSection
EndGlobal
